
Microsoft Visual Studio Solution File, Format Version 12.00
# Visual Studio Version 17
VisualStudioVersion = 17.11.35327.3
MinimumVisualStudioVersion = 10.0.40219.1
Project("{FAE04EC0-301F-11D3-BF4B-00C04F79EFBC}") = "Piedra, papel y Tijeras", "Piedra, papel y Tijeras.csproj", "{2C2A25DD-476B-4D29-97E7-89297E6A5A7B}"
EndProject
Global
	GlobalSection(SolutionConfigurationPlatforms) = preSolution
		Debug|Any CPU = Debug|Any CPU
		Release|Any CPU = Release|Any CPU
	EndGlobalSection
	GlobalSection(ProjectConfigurationPlatforms) = postSolution
		{2C2A25DD-476B-4D29-97E7-89297E6A5A7B}.Debug|Any CPU.ActiveCfg = Debug|Any CPU
		{2C2A25DD-476B-4D29-97E7-89297E6A5A7B}.Debug|Any CPU.Build.0 = Debug|Any CPU
		{2C2A25DD-476B-4D29-97E7-89297E6A5A7B}.Release|Any CPU.ActiveCfg = Release|Any CPU
		{2C2A25DD-476B-4D29-97E7-89297E6A5A7B}.Release|Any CPU.Build.0 = Release|Any CPU
	EndGlobalSection
	GlobalSection(SolutionProperties) = preSolution
		HideSolutionNode = FALSE
	EndGlobalSection
	GlobalSection(ExtensibilityGlobals) = postSolution
		SolutionGuid = {AC633640-2728-4AB4-A54A-5E30F8F14DAE}
	EndGlobalSection
EndGlobal
